<Solution>
  <Folder Name="/Core/">
    <Project Path="Core/BannedApiAnalyzers.Unity.csproj" />
  </Folder>
  <Folder Name="/CSharp/">
    <Project Path="CSharp/BannedApiAnalyzers.Unity.CSharp.csproj" />
  </Folder>
  <Folder Name="/UnitTests/">
    <Project Path="UnitTests/BannedApiAnalyzers.Unity.Tests.csproj" />
  </Folder>
</Solution>
